
Microsoft Visual Studio Solution File, Format Version 12.00
# Visual Studio Version 17
VisualStudioVersion = 17.0.31903.59
MinimumVisualStudioVersion = 10.0.40219.1
Project("{FAE04EC0-301F-11D3-BF4B-00C04F79EFBC}") = "LiveFrontBackendChallenge", "LiveFrontBackendChallenge\LiveFrontBackendChallenge.csproj", "{21D903BE-4092-41A8-87B0-997247FDDF0C}"
EndProject
Project("{FAE04EC0-301F-11D3-BF4B-00C04F79EFBC}") = "LiveFrontBackendChallenge.Tests", "LiveFrontBackendChallenge.Tests\LiveFrontBackendChallenge.Tests.csproj", "{A000B601-12B9-42EF-9EB9-CE5B50E776D4}"
EndProject
Global
	GlobalSection(SolutionConfigurationPlatforms) = preSolution
		Debug|Any CPU = Debug|Any CPU
		Release|Any CPU = Release|Any CPU
	EndGlobalSection
	GlobalSection(SolutionProperties) = preSolution
		HideSolutionNode = FALSE
	EndGlobalSection
	GlobalSection(ProjectConfigurationPlatforms) = postSolution
		{21D903BE-4092-41A8-87B0-997247FDDF0C}.Debug|Any CPU.ActiveCfg = Debug|Any CPU
		{21D903BE-4092-41A8-87B0-997247FDDF0C}.Debug|Any CPU.Build.0 = Debug|Any CPU
		{21D903BE-4092-41A8-87B0-997247FDDF0C}.Release|Any CPU.ActiveCfg = Release|Any CPU
		{21D903BE-4092-41A8-87B0-997247FDDF0C}.Release|Any CPU.Build.0 = Release|Any CPU
		{A000B601-12B9-42EF-9EB9-CE5B50E776D4}.Debug|Any CPU.ActiveCfg = Debug|Any CPU
		{A000B601-12B9-42EF-9EB9-CE5B50E776D4}.Debug|Any CPU.Build.0 = Debug|Any CPU
		{A000B601-12B9-42EF-9EB9-CE5B50E776D4}.Release|Any CPU.ActiveCfg = Release|Any CPU
		{A000B601-12B9-42EF-9EB9-CE5B50E776D4}.Release|Any CPU.Build.0 = Release|Any CPU
	EndGlobalSection
EndGlobal
